
Microsoft Visual Studio Solution File, Format Version 12.00
# Visual Studio Version 17
VisualStudioVersion = 17.9.34902.65
MinimumVisualStudioVersion = 10.0.40219.1
Project("{FAE04EC0-301F-11D3-BF4B-00C04F79EFBC}") = "MyFirstAspNetCoreWebApi", "MyFirstAspNetCoreWebApi.csproj", "{9132DEC4-3DB3-4568-8101-7C770A0B2471}"
EndProject
Global
	GlobalSection(SolutionConfigurationPlatforms) = preSolution
		Debug|Any CPU = Debug|Any CPU
		Release|Any CPU = Release|Any CPU
	EndGlobalSection
	GlobalSection(ProjectConfigurationPlatforms) = postSolution
		{9132DEC4-3DB3-4568-8101-7C770A0B2471}.Debug|Any CPU.ActiveCfg = Debug|Any CPU
		{9132DEC4-3DB3-4568-8101-7C770A0B2471}.Debug|Any CPU.Build.0 = Debug|Any CPU
		{9132DEC4-3DB3-4568-8101-7C770A0B2471}.Release|Any CPU.ActiveCfg = Release|Any CPU
		{9132DEC4-3DB3-4568-8101-7C770A0B2471}.Release|Any CPU.Build.0 = Release|Any CPU
	EndGlobalSection
	GlobalSection(SolutionProperties) = preSolution
		HideSolutionNode = FALSE
	EndGlobalSection
	GlobalSection(ExtensibilityGlobals) = postSolution
		SolutionGuid = {FFBD2A2D-0ACD-49FC-96C8-1FF356F83D80}
	EndGlobalSection
EndGlobal
